
Microsoft Visual Studio Solution File, Format Version 12.00
# Visual Studio Version 16
VisualStudioVersion = 16.0.30804.86
MinimumVisualStudioVersion = 10.0.40219.1
Project("{FAE04EC0-301F-11D3-BF4B-00C04F79EFBC}") = "Vertmarkets", "Vertmarkets\Vertmarkets.csproj", "{61E60678-F96A-425A-824B-B6CC69B93080}"
EndProject
Global
	GlobalSection(SolutionConfigurationPlatforms) = preSolution
		Debug|Any CPU = Debug|Any CPU
		Release|Any CPU = Release|Any CPU
	EndGlobalSection
	GlobalSection(ProjectConfigurationPlatforms) = postSolution
		{61E60678-F96A-425A-824B-B6CC69B93080}.Debug|Any CPU.ActiveCfg = Debug|Any CPU
		{61E60678-F96A-425A-824B-B6CC69B93080}.Debug|Any CPU.Build.0 = Debug|Any CPU
		{61E60678-F96A-425A-824B-B6CC69B93080}.Release|Any CPU.ActiveCfg = Release|Any CPU
		{61E60678-F96A-425A-824B-B6CC69B93080}.Release|Any CPU.Build.0 = Release|Any CPU
	EndGlobalSection
	GlobalSection(SolutionProperties) = preSolution
		HideSolutionNode = FALSE
	EndGlobalSection
	GlobalSection(ExtensibilityGlobals) = postSolution
		SolutionGuid = {2FB2C6B6-2947-4FF5-93CC-1FC7C8D3AFC5}
	EndGlobalSection
EndGlobal
